{
  "nodes": {
    "home-manager": {
      "inputs": {
        "nixpkgs": [
          "nixpkgs"
        ]
      },
      "locked": {
        "lastModified": 1738188574,
        "narHash": "sha256-I1gh2Ho565SDmbonmzj7sWbEgTXYyERmMT5KwuuaSDo=",
        "owner": "nix-community",
        "repo": "home-manager",
        "rev": "6aa38ffdf77fb4250f5d832fd5a09eb99226fba7",
        "type": "github"
      },
      "original": {
        "owner": "nix-community",
        "ref": "master",
        "repo": "home-manager",
        "type": "github"
      }
    },
    "nixpkgs": {
      "locked": {
        "lastModified": 1738021509,
        "narHash": "sha256-JNUiceGsr7cVBUQxLBF1ILCe99E0qLxsVuet6GsZUuw=",
        "owner": "NixOS",
        "repo": "nixpkgs",
        "rev": "9db269672dbdbb519e0bd3ea24f01506c135e46f",
        "type": "github"
      },
      "original": {
        "id": "nixpkgs",
        "ref": "nixos-unstable",
        "type": "indirect"
      }
    },
    "nixpkgs_2": {
      "locked": {
        "lastModified": 1725175310,
        "narHash": "sha256-7jp8z4sCAolDFE+caX1h++idYVHBoytx7afNsfgwvJY=",
        "owner": "NixOS",
        "repo": "nixpkgs",
        "rev": "262dd81ca6449ae7b3bb9547abceac625575fa78",
        "type": "github"
      },
      "original": {
        "owner": "NixOS",
        "ref": "release-24.05",
        "repo": "nixpkgs",
        "type": "github"
      }
    },
    "root": {
      "inputs": {
        "home-manager": "home-manager",
        "nixpkgs": "nixpkgs",
        "shoji-nix": "shoji-nix"
      }
    },
    "shoji-nix": {
      "inputs": {
        "nixpkgs": "nixpkgs_2"
      },
      "locked": {
        "lastModified": 1730322125,
        "narHash": "sha256-ZAXbrZiG+p/KTHSA0JEr/P4mLykGPSlwqM7FeL7C5LU=",
        "owner": "AdoPi",
        "repo": "shoji-nix",
        "rev": "c458841433f5be08af11240f88bb6b2aa6d317fe",
        "type": "github"
      },
      "original": {
        "owner": "AdoPi",
        "repo": "shoji-nix",
        "type": "github"
      }
    }
  },
  "root": "root",
  "version": 7
}
