{
  "nodes": {
    "home-manager": {
      "inputs": {
        "nixpkgs": [
          "nixpkgs"
        ]
      },
      "locked": {
        "lastModified": 1639246679,
        "narHash": "sha256-Jom+l4fklkb3/wxITqz5FrOd4LeL47Eg55xmxo1fY2g=",
        "owner": "nix-community",
        "repo": "home-manager",
        "rev": "0ebed30a10617bd48dd1bd0ce8697aab1b42d933",
        "type": "github"
      },
      "original": {
        "owner": "nix-community",
        "ref": "master",
        "repo": "home-manager",
        "type": "github"
      }
    },
    "nixpkgs": {
      "locked": {
        "lastModified": 1638989658,
        "narHash": "sha256-CDThjXpq6GI6AeEhx8/Sk+uq10XO1Nz28bgSP1khNoA=",
        "owner": "NixOS",
        "repo": "nixpkgs",
        "rev": "bcb4b714bdddec94d88ff974f242cdb3f3308dac",
        "type": "github"
      },
      "original": {
        "id": "nixpkgs",
        "ref": "nixos-unstable",
        "type": "indirect"
      }
    },
    "root": {
      "inputs": {
        "home-manager": "home-manager",
        "nixpkgs": "nixpkgs"
      }
    }
  },
  "root": "root",
  "version": 7
}
