{
  "nodes": {
    "home-manager": {
      "inputs": {
        "nixpkgs": [
          "nixpkgs"
        ]
      },
      "locked": {
        "lastModified": 1640126586,
        "narHash": "sha256-Brja0wQZFSl+hduOcBfE/oVPs0QattbILSMHC7/9fEg=",
        "owner": "nix-community",
        "repo": "home-manager",
        "rev": "1b03a8ab7af9385b70b7d7c319c4a31a58c5cfa5",
        "type": "github"
      },
      "original": {
        "owner": "nix-community",
        "ref": "master",
        "repo": "home-manager",
        "type": "github"
      }
    },
    "nixpkgs": {
      "locked": {
        "lastModified": 1640139330,
        "narHash": "sha256-Nkp3wUOGwtoQ7EH28RLVJ7EqB/e0TU7VcsM7GLy+SdY=",
        "owner": "NixOS",
        "repo": "nixpkgs",
        "rev": "81cef6b70fb5d5cdba5a0fef3f714c2dadaf0d6d",
        "type": "github"
      },
      "original": {
        "id": "nixpkgs",
        "ref": "nixos-unstable",
        "type": "indirect"
      }
    },
    "root": {
      "inputs": {
        "home-manager": "home-manager",
        "nixpkgs": "nixpkgs"
      }
    }
  },
  "root": "root",
  "version": 7
}
